Microsoft Visual Studio Solution File, Format Version 12.00
# Visual Studio Version 17
VisualStudioVersion = 17.5.2.0
MinimumVisualStudioVersion = 10.0.40219.1
Project("{FAE04EC0-301F-11D3-BF4B-00C04F79EFBC}") = "GptRealtime.Api", "backend\GptRealtime.Api.csproj", "{6256F755-AABF-195E-7E41-6124C9E869DC}"
EndProject
Global
	GlobalSection(SolutionConfigurationPlatforms) = preSolution
		Debug|Any CPU = Debug|Any CPU
		Release|Any CPU = Release|Any CPU
	EndGlobalSection
	GlobalSection(ProjectConfigurationPlatforms) = postSolution
		{6256F755-AABF-195E-7E41-6124C9E869DC}.Debug|Any CPU.ActiveCfg = Debug|Any CPU
		{6256F755-AABF-195E-7E41-6124C9E869DC}.Debug|Any CPU.Build.0 = Debug|Any CPU
		{6256F755-AABF-195E-7E41-6124C9E869DC}.Release|Any CPU.ActiveCfg = Release|Any CPU
		{6256F755-AABF-195E-7E41-6124C9E869DC}.Release|Any CPU.Build.0 = Release|Any CPU
	EndGlobalSection
	GlobalSection(SolutionProperties) = preSolution
		HideSolutionNode = FALSE
	EndGlobalSection
	GlobalSection(ExtensibilityGlobals) = postSolution
		SolutionGuid = {CCB0DDCF-0628-4FE9-A1A6-9EE0D67B58A8}
	EndGlobalSection
EndGlobal
